
Microsoft Visual Studio Solution File, Format Version 12.00
# Visual Studio Version 17
VisualStudioVersion = 17.9.34728.123
MinimumVisualStudioVersion = 10.0.40219.1
Project("{FAE04EC0-301F-11D3-BF4B-00C04F79EFBC}") = "COURSEPROJECT", "COURSEPROJECT.csproj", "{E4595AA0-2004-4CC3-9B12-B2B52C1127C5}"
EndProject
Global
	GlobalSection(SolutionConfigurationPlatforms) = preSolution
		Debug|Any CPU = Debug|Any CPU
		Release|Any CPU = Release|Any CPU
	EndGlobalSection
	GlobalSection(ProjectConfigurationPlatforms) = postSolution
		{E4595AA0-2004-4CC3-9B12-B2B52C1127C5}.Debug|Any CPU.ActiveCfg = Debug|Any CPU
		{E4595AA0-2004-4CC3-9B12-B2B52C1127C5}.Debug|Any CPU.Build.0 = Debug|Any CPU
		{E4595AA0-2004-4CC3-9B12-B2B52C1127C5}.Release|Any CPU.ActiveCfg = Release|Any CPU
		{E4595AA0-2004-4CC3-9B12-B2B52C1127C5}.Release|Any CPU.Build.0 = Release|Any CPU
	EndGlobalSection
	GlobalSection(SolutionProperties) = preSolution
		HideSolutionNode = FALSE
	EndGlobalSection
	GlobalSection(ExtensibilityGlobals) = postSolution
		SolutionGuid = {D3FBFFE8-A086-4953-805B-C8B03C297A19}
	EndGlobalSection
EndGlobal
